// !$*UTF8*$!
{
	archiveVersion = 1;
	classes = {
	};
	objectVersion = 48;
	objects = {

/* Begin PBXBuildFile section */
		6E580C612046507600E082CE /* Message+CoreDataClass.swift in Sources */ = {isa = PBXBuildFile; fileRef = 6E580C5D2046507600E082CE /* Message+CoreDataClass.swift */; };
		6E580C622046507600E082CE /* Message+CoreDataProperties.swift in Sources */ = {isa = PBXBuildFile; fileRef = 6E580C5E2046507600E082CE /* Message+CoreDataProperties.swift */; };
		6E580C632046507600E082CE /* Friend+CoreDataClass.swift in Sources */ = {isa = PBXBuildFile; fileRef = 6E580C5F2046507600E082CE /* Friend+CoreDataClass.swift */; };
		6E580C642046507600E082CE /* Friend+CoreDataProperties.swift in Sources */ = {isa = PBXBuildFile; fileRef = 6E580C602046507600E082CE /* Friend+CoreDataProperties.swift */; };
		6E5E104B2045CFEF007116CB /* AppDelegate.swift in Sources */ = {isa = PBXBuildFile; fileRef = 6E5E104A2045CFEF007116CB /* AppDelegate.swift */; };
		6E5E104D2045CFEF007116CB /* FriendsController.swift in Sources */ = {isa = PBXBuildFile; fileRef = 6E5E104C2045CFEF007116CB /* FriendsController.swift */; };
		6E5E10532045CFEF007116CB /* FacebookMessenger.xcdatamodeld in Sources */ = {isa = PBXBuildFile; fileRef = 6E5E10512045CFEF007116CB /* FacebookMessenger.xcdatamodeld */; };
		6E5E10552045CFEF007116CB /* Assets.xcassets in Resources */ = {isa = PBXBuildFile; fileRef = 6E5E10542045CFEF007116CB /* Assets.xcassets */; };
		6E5E10582045CFEF007116CB /* LaunchScreen.storyboard in Resources */ = {isa = PBXBuildFile; fileRef = 6E5E10562045CFEF007116CB /* LaunchScreen.storyboard */; };
		6E5E10662045D83E007116CB /* MessageCell.swift in Sources */ = {isa = PBXBuildFile; fileRef = 6E5E10652045D83E007116CB /* MessageCell.swift */; };
		6E5E10682045E8A6007116CB /* BaseCell.swift in Sources */ = {isa = PBXBuildFile; fileRef = 6E5E10672045E8A6007116CB /* BaseCell.swift */; };
		6E5E106B2045F1AE007116CB /* Extensions.swift in Sources */ = {isa = PBXBuildFile; fileRef = 6E5E106A2045F1AE007116CB /* Extensions.swift */; };
		6E5E106D20463280007116CB /* FriendDELETE.swift in Sources */ = {isa = PBXBuildFile; fileRef = 6E5E106C20463280007116CB /* FriendDELETE.swift */; };
		6E5E106F2046328C007116CB /* MessageDELETE.swift in Sources */ = {isa = PBXBuildFile; fileRef = 6E5E106E2046328C007116CB /* MessageDELETE.swift */; };
/* End PBXBuildFile section */

/* Begin PBXFileReference section */
		6E580C5D2046507600E082CE /* Message+CoreDataClass.swift */ = {isa = PBXFileReference; lastKnownFileType = sourcecode.swift; path = "Message+CoreDataClass.swift"; sourceTree = "<group>"; };
		6E580C5E2046507600E082CE /* Message+CoreDataProperties.swift */ = {isa = PBXFileReference; lastKnownFileType = sourcecode.swift; path = "Message+CoreDataProperties.swift"; sourceTree = "<group>"; };
		6E580C5F2046507600E082CE /* Friend+CoreDataClass.swift */ = {isa = PBXFileReference; lastKnownFileType = sourcecode.swift; path = "Friend+CoreDataClass.swift"; sourceTree = "<group>"; };
		6E580C602046507600E082CE /* Friend+CoreDataProperties.swift */ = {isa = PBXFileReference; lastKnownFileType = sourcecode.swift; path = "Friend+CoreDataProperties.swift"; sourceTree = "<group>"; };
		6E5E10472045CFEF007116CB /* FacebookMessenger.app */ = {isa = PBXFileReference; explicitFileType = wrapper.application; includeInIndex = 0; path = FacebookMessenger.app; sourceTree = BUILT_PRODUCTS_DIR; };
		6E5E104A2045CFEF007116CB /* AppDelegate.swift */ = {isa = PBXFileReference; lastKnownFileType = sourcecode.swift; path = AppDelegate.swift; sourceTree = "<group>"; };
		6E5E104C2045CFEF007116CB /* FriendsController.swift */ = {isa = PBXFileReference; lastKnownFileType = sourcecode.swift; path = FriendsController.swift; sourceTree = "<group>"; };
		6E5E10522045CFEF007116CB /* FacebookMessenger.xcdatamodel */ = {isa = PBXFileReference; lastKnownFileType = wrapper.xcdatamodel; path = FacebookMessenger.xcdatamodel; sourceTree = "<group>"; };
		6E5E10542045CFEF007116CB /* Assets.xcassets */ = {isa = PBXFileReference; lastKnownFileType = folder.assetcatalog; path = Assets.xcassets; sourceTree = "<group>"; };
		6E5E10572045CFEF007116CB /* Base */ = {isa = PBXFileReference; lastKnownFileType = file.storyboard; name = Base; path = Base.lproj/LaunchScreen.storyboard; sourceTree = "<group>"; };
		6E5E10592045CFEF007116CB /* Info.plist */ = {isa = PBXFileReference; lastKnownFileType = text.plist.xml; path = Info.plist; sourceTree = "<group>"; };
		6E5E10652045D83E007116CB /* MessageCell.swift */ = {isa = PBXFileReference; lastKnownFileType = sourcecode.swift; path = MessageCell.swift; sourceTree = "<group>"; };
		6E5E10672045E8A6007116CB /* BaseCell.swift */ = {isa = PBXFileReference; lastKnownFileType = sourcecode.swift; path = BaseCell.swift; sourceTree = "<group>"; };
		6E5E106A2045F1AE007116CB /* Extensions.swift */ = {isa = PBXFileReference; lastKnownFileType = sourcecode.swift; path = Extensions.swift; sourceTree = "<group>"; };
		6E5E106C20463280007116CB /* FriendDELETE.swift */ = {isa = PBXFileReference; lastKnownFileType = sourcecode.swift; path = FriendDELETE.swift; sourceTree = "<group>"; };
		6E5E106E2046328C007116CB /* MessageDELETE.swift */ = {isa = PBXFileReference; lastKnownFileType = sourcecode.swift; path = MessageDELETE.swift; sourceTree = "<group>"; };
/* End PBXFileReference section */

/* Begin PBXFrameworksBuildPhase section */
		6E5E10442045CFEF007116CB /* Frameworks */ = {
			isa = PBXFrameworksBuildPhase;
			buildActionMask = 2147483647;
			files = (
			);
			runOnlyForDeploymentPostprocessing = 0;
		};
/* End PBXFrameworksBuildPhase section */

/* Begin PBXGroup section */
		6E5E103E2045CFEF007116CB = {
			isa = PBXGroup;
			children = (
				6E5E10492045CFEF007116CB /* FacebookMessenger */,
				6E5E10482045CFEF007116CB /* Products */,
			);
			sourceTree = "<group>";
		};
		6E5E10482045CFEF007116CB /* Products */ = {
			isa = PBXGroup;
			children = (
				6E5E10472045CFEF007116CB /* FacebookMessenger.app */,
			);
			name = Products;
			sourceTree = "<group>";
		};
		6E5E10492045CFEF007116CB /* FacebookMessenger */ = {
			isa = PBXGroup;
			children = (
				6E5E105F2045D23A007116CB /* AppDelegate */,
				6E5E10602045D25D007116CB /* Resources */,
				6E5E10692045F1A5007116CB /* Extensions */,
				6E5E10642045D822007116CB /* Models+CoreData */,
				6E5E10612045D7FA007116CB /* Views */,
				6E5E10632045D807007116CB /* Controllers */,
			);
			path = FacebookMessenger;
			sourceTree = "<group>";
		};
		6E5E105F2045D23A007116CB /* AppDelegate */ = {
			isa = PBXGroup;
			children = (
				6E5E104A2045CFEF007116CB /* AppDelegate.swift */,
			);
			path = AppDelegate;
			sourceTree = "<group>";
		};
		6E5E10602045D25D007116CB /* Resources */ = {
			isa = PBXGroup;
			children = (
				6E5E10592045CFEF007116CB /* Info.plist */,
				6E5E10512045CFEF007116CB /* FacebookMessenger.xcdatamodeld */,
				6E5E10542045CFEF007116CB /* Assets.xcassets */,
				6E5E10562045CFEF007116CB /* LaunchScreen.storyboard */,
			);
			path = Resources;
			sourceTree = "<group>";
		};
		6E5E10612045D7FA007116CB /* Views */ = {
			isa = PBXGroup;
			children = (
				6E5E10622045D800007116CB /* Cells */,
			);
			path = Views;
			sourceTree = "<group>";
		};
		6E5E10622045D800007116CB /* Cells */ = {
			isa = PBXGroup;
			children = (
				6E5E10672045E8A6007116CB /* BaseCell.swift */,
				6E5E10652045D83E007116CB /* MessageCell.swift */,
			);
			path = Cells;
			sourceTree = "<group>";
		};
		6E5E10632045D807007116CB /* Controllers */ = {
			isa = PBXGroup;
			children = (
				6E5E104C2045CFEF007116CB /* FriendsController.swift */,
			);
			path = Controllers;
			sourceTree = "<group>";
		};
		6E5E10642045D822007116CB /* Models+CoreData */ = {
			isa = PBXGroup;
			children = (
				6E580C5D2046507600E082CE /* Message+CoreDataClass.swift */,
				6E580C5E2046507600E082CE /* Message+CoreDataProperties.swift */,
				6E580C5F2046507600E082CE /* Friend+CoreDataClass.swift */,
				6E580C602046507600E082CE /* Friend+CoreDataProperties.swift */,
				6E5E106C20463280007116CB /* FriendDELETE.swift */,
				6E5E106E2046328C007116CB /* MessageDELETE.swift */,
			);
			path = "Models+CoreData";
			sourceTree = "<group>";
		};
		6E5E10692045F1A5007116CB /* Extensions */ = {
			isa = PBXGroup;
			children = (
				6E5E106A2045F1AE007116CB /* Extensions.swift */,
			);
			path = Extensions;
			sourceTree = "<group>";
		};
/* End PBXGroup section */

/* Begin PBXNativeTarget section */
		6E5E10462045CFEF007116CB /* FacebookMessenger */ = {
			isa = PBXNativeTarget;
			buildConfigurationList = 6E5E105C2045CFEF007116CB /* Build configuration list for PBXNativeTarget "FacebookMessenger" */;
			buildPhases = (
				6E5E10432045CFEF007116CB /* Sources */,
				6E5E10442045CFEF007116CB /* Frameworks */,
				6E5E10452045CFEF007116CB /* Resources */,
			);
			buildRules = (
			);
			dependencies = (
			);
			name = FacebookMessenger;
			productName = FacebookMessenger;
			productReference = 6E5E10472045CFEF007116CB /* FacebookMessenger.app */;
			productType = "com.apple.product-type.application";
		};
/* End PBXNativeTarget section */

/* Begin PBXProject section */
		6E5E103F2045CFEF007116CB /* Project object */ = {
			isa = PBXProject;
			attributes = {
				LastSwiftUpdateCheck = 0920;
				LastUpgradeCheck = 0920;
				ORGANIZATIONNAME = "Lucas Nascimento";
				TargetAttributes = {
					6E5E10462045CFEF007116CB = {
						CreatedOnToolsVersion = 9.2;
						ProvisioningStyle = Automatic;
					};
				};
			};
			buildConfigurationList = 6E5E10422045CFEF007116CB /* Build configuration list for PBXProject "FacebookMessenger" */;
			compatibilityVersion = "Xcode 8.0";
			developmentRegion = en;
			hasScannedForEncodings = 0;
			knownRegions = (
				en,
				Base,
			);
			mainGroup = 6E5E103E2045CFEF007116CB;
			productRefGroup = 6E5E10482045CFEF007116CB /* Products */;
			projectDirPath = "";
			projectRoot = "";
			targets = (
				6E5E10462045CFEF007116CB /* FacebookMessenger */,
			);
		};
/* End PBXProject section */

/* Begin PBXResourcesBuildPhase section */
		6E5E10452045CFEF007116CB /* Resources */ = {
			isa = PBXResourcesBuildPhase;
			buildActionMask = 2147483647;
			files = (
				6E5E10582045CFEF007116CB /* LaunchScreen.storyboard in Resources */,
				6E5E10552045CFEF007116CB /* Assets.xcassets in Resources */,
			);
			runOnlyForDeploymentPostprocessing = 0;
		};
/* End PBXResourcesBuildPhase section */

/* Begin PBXSourcesBuildPhase section */
		6E5E10432045CFEF007116CB /* Sources */ = {
			isa = PBXSourcesBuildPhase;
			buildActionMask = 2147483647;
			files = (
				6E580C612046507600E082CE /* Message+CoreDataClass.swift in Sources */,
				6E5E104D2045CFEF007116CB /* FriendsController.swift in Sources */,
				6E5E106D20463280007116CB /* FriendDELETE.swift in Sources */,
				6E580C632046507600E082CE /* Friend+CoreDataClass.swift in Sources */,
				6E5E106B2045F1AE007116CB /* Extensions.swift in Sources */,
				6E580C642046507600E082CE /* Friend+CoreDataProperties.swift in Sources */,
				6E5E104B2045CFEF007116CB /* AppDelegate.swift in Sources */,
				6E5E10532045CFEF007116CB /* FacebookMessenger.xcdatamodeld in Sources */,
				6E5E106F2046328C007116CB /* MessageDELETE.swift in Sources */,
				6E5E10682045E8A6007116CB /* BaseCell.swift in Sources */,
				6E580C622046507600E082CE /* Message+CoreDataProperties.swift in Sources */,
				6E5E10662045D83E007116CB /* MessageCell.swift in Sources */,
			);
			runOnlyForDeploymentPostprocessing = 0;
		};
/* End PBXSourcesBuildPhase section */

/* Begin PBXVariantGroup section */
		6E5E10562045CFEF007116CB /* LaunchScreen.storyboard */ = {
			isa = PBXVariantGroup;
			children = (
				6E5E10572045CFEF007116CB /* Base */,
			);
			name = LaunchScreen.storyboard;
			sourceTree = "<group>";
		};
/* End PBXVariantGroup section */

/* Begin XCBuildConfiguration section */
		6E5E105A2045CFEF007116CB /* Debug */ = {
			isa = XCBuildConfiguration;
			buildSettings = {
				ALWAYS_SEARCH_USER_PATHS = NO;
				CLANG_ANALYZER_NONNULL = YES;
				CLANG_ANALYZER_NUMBER_OBJECT_CONVERSION = YES_AGGRESSIVE;
				CLANG_CXX_LANGUAGE_STANDARD = "gnu++14";
				CLANG_CXX_LIBRARY = "libc++";
				CLANG_ENABLE_MODULES = YES;
				CLANG_ENABLE_OBJC_ARC = YES;
				CLANG_WARN_BLOCK_CAPTURE_AUTORELEASING = YES;
				CLANG_WARN_BOOL_CONVERSION = YES;
				CLANG_WARN_COMMA = YES;
				CLANG_WARN_CONSTANT_CONVERSION = YES;
				CLANG_WARN_DIRECT_OBJC_ISA_USAGE = YES_ERROR;
				CLANG_WARN_DOCUMENTATION_COMMENTS = YES;
				CLANG_WARN_EMPTY_BODY = YES;
				CLANG_WARN_ENUM_CONVERSION = YES;
				CLANG_WARN_INFINITE_RECURSION = YES;
				CLANG_WARN_INT_CONVERSION = YES;
				CLANG_WARN_NON_LITERAL_NULL_CONVERSION = YES;
				CLANG_WARN_OBJC_LITERAL_CONVERSION = YES;
				CLANG_WARN_OBJC_ROOT_CLASS = YES_ERROR;
				CLANG_WARN_RANGE_LOOP_ANALYSIS = YES;
				CLANG_WARN_STRICT_PROTOTYPES = YES;
				CLANG_WARN_SUSPICIOUS_MOVE = YES;
				CLANG_WARN_UNGUARDED_AVAILABILITY = YES_AGGRESSIVE;
				CLANG_WARN_UNREACHABLE_CODE = YES;
				CLANG_WARN__DUPLICATE_METHOD_MATCH = YES;
				CODE_SIGN_IDENTITY = "iPhone Developer";
				COPY_PHASE_STRIP = NO;
				DEBUG_INFORMATION_FORMAT = dwarf;
				ENABLE_STRICT_OBJC_MSGSEND = YES;
				ENABLE_TESTABILITY = YES;
				GCC_C_LANGUAGE_STANDARD = gnu11;
				GCC_DYNAMIC_NO_PIC = NO;
				GCC_NO_COMMON_BLOCKS = YES;
				GCC_OPTIMIZATION_LEVEL = 0;
				GCC_PREPROCESSOR_DEFINITIONS = (
					"DEBUG=1",
					"$(inherited)",
				);
				GCC_WARN_64_TO_32_BIT_CONVERSION = YES;
				GCC_WARN_ABOUT_RETURN_TYPE = YES_ERROR;
				GCC_WARN_UNDECLARED_SELECTOR = YES;
				GCC_WARN_UNINITIALIZED_AUTOS = YES_AGGRESSIVE;
				GCC_WARN_UNUSED_FUNCTION = YES;
				GCC_WARN_UNUSED_VARIABLE = YES;
				IPHONEOS_DEPLOYMENT_TARGET = 11.2;
				MTL_ENABLE_DEBUG_INFO = YES;
				ONLY_ACTIVE_ARCH = YES;
				SDKROOT = iphoneos;
				SWIFT_ACTIVE_COMPILATION_CONDITIONS = DEBUG;
				SWIFT_OPTIMIZATION_LEVEL = "-Onone";
			};
			name = Debug;
		};
		6E5E105B2045CFEF007116CB /* Release */ = {
			isa = XCBuildConfiguration;
			buildSettings = {
				ALWAYS_SEARCH_USER_PATHS = NO;
				CLANG_ANALYZER_NONNULL = YES;
				CLANG_ANALYZER_NUMBER_OBJECT_CONVERSION = YES_AGGRESSIVE;
				CLANG_CXX_LANGUAGE_STANDARD = "gnu++14";
				CLANG_CXX_LIBRARY = "libc++";
				CLANG_ENABLE_MODULES = YES;
				CLANG_ENABLE_OBJC_ARC = YES;
				CLANG_WARN_BLOCK_CAPTURE_AUTORELEASING = YES;
				CLANG_WARN_BOOL_CONVERSION = YES;
				CLANG_WARN_COMMA = YES;
				CLANG_WARN_CONSTANT_CONVERSION = YES;
				CLANG_WARN_DIRECT_OBJC_ISA_USAGE = YES_ERROR;
				CLANG_WARN_DOCUMENTATION_COMMENTS = YES;
				CLANG_WARN_EMPTY_BODY = YES;
				CLANG_WARN_ENUM_CONVERSION = YES;
				CLANG_WARN_INFINITE_RECURSION = YES;
				CLANG_WARN_INT_CONVERSION = YES;
				CLANG_WARN_NON_LITERAL_NULL_CONVERSION = YES;
				CLANG_WARN_OBJC_LITERAL_CONVERSION = YES;
				CLANG_WARN_OBJC_ROOT_CLASS = YES_ERROR;
				CLANG_WARN_RANGE_LOOP_ANALYSIS = YES;
				CLANG_WARN_STRICT_PROTOTYPES = YES;
				CLANG_WARN_SUSPICIOUS_MOVE = YES;
				CLANG_WARN_UNGUARDED_AVAILABILITY = YES_AGGRESSIVE;
				CLANG_WARN_UNREACHABLE_CODE = YES;
				CLANG_WARN__DUPLICATE_METHOD_MATCH = YES;
				CODE_SIGN_IDENTITY = "iPhone Developer";
				COPY_PHASE_STRIP = NO;
				DEBUG_INFORMATION_FORMAT = "dwarf-with-dsym";
				ENABLE_NS_ASSERTIONS = NO;
				ENABLE_STRICT_OBJC_MSGSEND = YES;
				GCC_C_LANGUAGE_STANDARD = gnu11;
				GCC_NO_COMMON_BLOCKS = YES;
				GCC_WARN_64_TO_32_BIT_CONVERSION = YES;
				GCC_WARN_ABOUT_RETURN_TYPE = YES_ERROR;
				GCC_WARN_UNDECLARED_SELECTOR = YES;
				GCC_WARN_UNINITIALIZED_AUTOS = YES_AGGRESSIVE;
				GCC_WARN_UNUSED_FUNCTION = YES;
				GCC_WARN_UNUSED_VARIABLE = YES;
				IPHONEOS_DEPLOYMENT_TARGET = 11.2;
				MTL_ENABLE_DEBUG_INFO = NO;
				SDKROOT = iphoneos;
				SWIFT_OPTIMIZATION_LEVEL = "-Owholemodule";
				VALIDATE_PRODUCT = YES;
			};
			name = Release;
		};
		6E5E105D2045CFEF007116CB /* Debug */ = {
			isa = XCBuildConfiguration;
			buildSettings = {
				ASSETCATALOG_COMPILER_APPICON_NAME = AppIcon;
				CODE_SIGN_STYLE = Automatic;
				INFOPLIST_FILE = "$(SRCROOT)/FacebookMessenger/Resources/Info.plist";
				IPHONEOS_DEPLOYMENT_TARGET = 10.0;
				LD_RUNPATH_SEARCH_PATHS = "$(inherited) @executable_path/Frameworks";
				PRODUCT_BUNDLE_IDENTIFIER = com.FacebookMessenger;
				PRODUCT_NAME = "$(TARGET_NAME)";
				SWIFT_VERSION = 4.0;
				TARGETED_DEVICE_FAMILY = "1,2";
			};
			name = Debug;
		};
		6E5E105E2045CFEF007116CB /* Release */ = {
			isa = XCBuildConfiguration;
			buildSettings = {
				ASSETCATALOG_COMPILER_APPICON_NAME = AppIcon;
				CODE_SIGN_STYLE = Automatic;
				INFOPLIST_FILE = "$(SRCROOT)/FacebookMessenger/Resources/Info.plist";
				IPHONEOS_DEPLOYMENT_TARGET = 10.0;
				LD_RUNPATH_SEARCH_PATHS = "$(inherited) @executable_path/Frameworks";
				PRODUCT_BUNDLE_IDENTIFIER = com.FacebookMessenger;
				PRODUCT_NAME = "$(TARGET_NAME)";
				SWIFT_VERSION = 4.0;
				TARGETED_DEVICE_FAMILY = "1,2";
			};
			name = Release;
		};
/* End XCBuildConfiguration section */

/* Begin XCConfigurationList section */
		6E5E10422045CFEF007116CB /* Build configuration list for PBXProject "FacebookMessenger" */ = {
			isa = XCConfigurationList;
			buildConfigurations = (
				6E5E105A2045CFEF007116CB /* Debug */,
				6E5E105B2045CFEF007116CB /* Release */,
			);
			defaultConfigurationIsVisible = 0;
			defaultConfigurationName = Release;
		};
		6E5E105C2045CFEF007116CB /* Build configuration list for PBXNativeTarget "FacebookMessenger" */ = {
			isa = XCConfigurationList;
			buildConfigurations = (
				6E5E105D2045CFEF007116CB /* Debug */,
				6E5E105E2045CFEF007116CB /* Release */,
			);
			defaultConfigurationIsVisible = 0;
			defaultConfigurationName = Release;
		};
/* End XCConfigurationList section */

/* Begin XCVersionGroup section */
		6E5E10512045CFEF007116CB /* FacebookMessenger.xcdatamodeld */ = {
			isa = XCVersionGroup;
			children = (
				6E5E10522045CFEF007116CB /* FacebookMessenger.xcdatamodel */,
			);
			currentVersion = 6E5E10522045CFEF007116CB /* FacebookMessenger.xcdatamodel */;
			path = FacebookMessenger.xcdatamodeld;
			sourceTree = "<group>";
			versionGroupType = wrapper.xcdatamodel;
		};
/* End XCVersionGroup section */
	};
	rootObject = 6E5E103F2045CFEF007116CB /* Project object */;
}
